
Microsoft Visual Studio Solution File, Format Version 12.00
# Visual Studio Version 17
VisualStudioVersion = 17.11.35219.272
MinimumVisualStudioVersion = 10.0.40219.1
Project("{9A19103F-16F7-4668-BE54-9A1E7A4F7556}") = "SocialMediaApp", "WebApplication2\SocialMediaApp.csproj", "{D918B425-9FDB-4162-819C-524A002DBEB9}"
EndProject
Global
	GlobalSection(SolutionConfigurationPlatforms) = preSolution
		Debug|Any CPU = Debug|Any CPU
		Release|Any CPU = Release|Any CPU
	EndGlobalSection
	GlobalSection(ProjectConfigurationPlatforms) = postSolution
		{D918B425-9FDB-4162-819C-524A002DBEB9}.Debug|Any CPU.ActiveCfg = Debug|Any CPU
		{D918B425-9FDB-4162-819C-524A002DBEB9}.Debug|Any CPU.Build.0 = Debug|Any CPU
		{D918B425-9FDB-4162-819C-524A002DBEB9}.Release|Any CPU.ActiveCfg = Release|Any CPU
		{D918B425-9FDB-4162-819C-524A002DBEB9}.Release|Any CPU.Build.0 = Release|Any CPU
	EndGlobalSection
	GlobalSection(SolutionProperties) = preSolution
		HideSolutionNode = FALSE
	EndGlobalSection
	GlobalSection(ExtensibilityGlobals) = postSolution
		SolutionGuid = {877F0099-7A5C-48ED-9049-F470A2442614}
	EndGlobalSection
EndGlobal
